# This file is generated by running "yarn install" inside your project.
# Manual changes might be lost - proceed with caution!

__metadata:
  version: 10
  cacheKey: 10c0

"@isaacs/fs-minipass@npm:^4.0.0":
  version: 4.0.1
  resolution: "@isaacs/fs-minipass@npm:4.0.1"
  dependencies:
    minipass: "npm:^7.0.4"
  checksum: 10c0/c25b6dc1598790d5b55c0947a9b7d111cfa92594db5296c3b907e2f533c033666f692a3939eadac17b1c7c40d362d0b0635dc874cbfe3e70db7c2b07cc97a5d2
  languageName: node
  linkType: hard

"@mongodb-js/saslprep@npm:^1.4.11":
  version: 1.5.0
  resolution: "@mongodb-js/saslprep@npm:1.5.0"
  dependencies:
    sparse-bitfield: "npm:^3.0.3"
  checksum: 10c0/4ec18504e567f494159b9649c5b30c0be88380cfee3a3c4e1ef33bd70a070adf3bbb8ab9946d4aab52e929b07322257621d139205300c78cd9da1e9d021008e6
  languageName: node
  linkType: hard

"@playwright/test@npm:^1.56.1":
  version: 1.62.1
  resolution: "@playwright/test@npm:1.62.1"
  dependencies:
    playwright: "npm:1.62.1"
  bin:
    playwright: cli.js
  checksum: 10c0/4b76f2f717723f84a73601f74fde97f5d92e4b5c869cf87c0f5628bf247fa1d18c9dc6c8e136463303233239e8ce58f902513d4281a9fabc3c426e911ded2c83
  languageName: node
  linkType: hard

"@types/webidl-conversions@npm:*":
  version: 7.0.3
  resolution: "@types/webidl-conversions@npm:7.0.3"
  checksum: 10c0/ac2ccff93b95ac7c8ca73dc6064403181691bba7ea144296f462dc9108a07be16cbad7b9c704b3df706dcc5a117e1f7bf7fb27aeb75b09c0f3148de8aee11aff
  languageName: node
  linkType: hard

"@types/whatwg-url@npm:^13.0.0":
  version: 13.0.0
  resolution: "@types/whatwg-url@npm:13.0.0"
  dependencies:
    "@types/webidl-conversions": "npm:*"
  checksum: 10c0/b7b53ae7b5290a0c26e2a5c6a2353af925fe9fc7ab0bbf642e8b76f65b39f638b471dadfda8da441aed3ca32cafd33b1a03459117c9ec85fd91b1e6c0e93044e
  languageName: node
  linkType: hard

"abbrev@npm:^5.0.0":
  version: 5.0.0
  resolution: "abbrev@npm:5.0.0"
  checksum: 10c0/8e88f5c798ea4562d28c5a3e9ad69e3879890bc5d695d8f2dffb8609be4c890aacc8f80ef4553fdd2c6a62d70c2ce8bc57b38074e383beb7487bdafa9ed42ea5
  languageName: node
  linkType: hard

"agent-base@npm:^7.1.2":
  version: 7.1.4
  resolution: "agent-base@npm:7.1.4"
  checksum: 10c0/c2c9ab7599692d594b6a161559ada307b7a624fa4c7b03e3afdb5a5e31cd0e53269115b620fcab024c5ac6a6f37fa5eb2e004f076ad30f5f7e6b8b671f7b35fe
  languageName: node
  linkType: hard

"async-mutex@npm:^0.5.0":
  version: 0.5.0
  resolution: "async-mutex@npm:0.5.0"
  dependencies:
    tslib: "npm:^2.4.0"
  checksum: 10c0/9096e6ad6b674c894d8ddd5aa4c512b09bb05931b8746ebd634952b05685608b2b0820ed5c406e6569919ff5fe237ab3c491e6f2887d6da6b6ba906db3ee9c32
  languageName: node
  linkType: hard

"b4a@npm:^1.6.4, b4a@npm:^1.8.1":
  version: 1.8.1
  resolution: "b4a@npm:1.8.1"
  peerDependencies:
    react-native-b4a: "*"
  peerDependenciesMeta:
    react-native-b4a:
      optional: true
  checksum: 10c0/344d8c94b244ec7a9cb516ea43a98216312454cb72478e4b7628a679ee343be237564c53bbe73995ab10ea9bc923b420236081b180b3cf78fd0c945bfc886798
  languageName: node
  linkType: hard

"bare-events@npm:^2.5.4, bare-events@npm:^2.7.0":
  version: 2.9.2
  resolution: "bare-events@npm:2.9.2"
  peerDependencies:
    bare-abort-controller: "*"
  peerDependenciesMeta:
    bare-abort-controller:
      optional: true
  checksum: 10c0/1aff2704e69a0bde978d6e768ebc13e8c21f36bee436b82e98a15f614d2f3b15ed6c894ffa0cfee2ba31baac17ccf9ea6cbe2c48d112a2fc5f6e42ed84f9d31a
  languageName: node
  linkType: hard

"bare-fs@npm:^4.5.5":
  version: 4.8.1
  resolution: "bare-fs@npm:4.8.1"
  dependencies:
    bare-events: "npm:^2.5.4"
    bare-path: "npm:^3.0.0"
    bare-stream: "npm:^2.6.4"
    bare-url: "npm:^2.2.2"
    fast-fifo: "npm:^1.3.2"
  peerDependencies:
    bare-buffer: "*"
  peerDependenciesMeta:
    bare-buffer:
      optional: true
  checksum: 10c0/1262941ce4e8853b5c16d9a9b8970eebcf2043fda48d17512b6b697941d82b513ed50b514b956c7a80d938071fc55e2c5b6c4783d4f51b2fb04fc3c6fef0b28c
  languageName: node
  linkType: hard

"bare-path@npm:^3.0.0":
  version: 3.1.1
  resolution: "bare-path@npm:3.1.1"
  checksum: 10c0/833f0fe2df164e518878b9c71646228d7841c2e35bd3fc428e432b512317ce7fdbd2a127649366f34db3312778d12a83f2fff5485004bbbdcdd15975fce73f4c
  languageName: node
  linkType: hard

"bare-stream@npm:^2.6.4":
  version: 2.13.4
  resolution: "bare-stream@npm:2.13.4"
  dependencies:
    b4a: "npm:^1.8.1"
    streamx: "npm:^2.25.0"
    teex: "npm:^1.0.1"
  peerDependencies:
    bare-abort-controller: "*"
    bare-buffer: "*"
    bare-events: "*"
  peerDependenciesMeta:
    bare-abort-controller:
      optional: true
    bare-buffer:
      optional: true
    bare-events:
      optional: true
  checksum: 10c0/df8e4567cb6721b2e743762e82d4a15f0a1c28c0f0ace3b0fd1e9cc835ffee29880e624dcc0f3a32bcaa629d2a4edfad44dd15abbe514dae5511cb194df8f8d7
  languageName: node
  linkType: hard

"bare-url@npm:^2.2.2":
  version: 2.5.2
  resolution: "bare-url@npm:2.5.2"
  dependencies:
    bare-path: "npm:^3.0.0"
  checksum: 10c0/f88871df80b733423434e7917f3cd35b1b89e2bf46a2bf305981d4c6627ca4c34ba2147920f217739bd6c01c684ae30a827911c419b640645eadbd91a28881ea
  languageName: node
  linkType: hard

"bson@npm:^7.2.0":
  version: 7.3.2
  resolution: "bson@npm:7.3.2"
  checksum: 10c0/c927f393252e79d033b750b778c5f7c3f3ffff6d2b32fd31e72199b1ab63a3a98e294d0095ac0a3b0fa7bbeb2b0886765085babf4d8377b1b1f105f356ca8f36
  languageName: node
  linkType: hard

"camelcase@npm:^6.3.0":
  version: 6.3.0
  resolution: "camelcase@npm:6.3.0"
  checksum: 10c0/0d701658219bd3116d12da3eab31acddb3f9440790c0792e0d398f0a520a6a4058018e546862b6fba89d7ae990efaeb97da71e1913e9ebf5a8b5621a3d55c710
  languageName: node
  linkType: hard

"chownr@npm:^3.0.0":
  version: 3.0.0
  resolution: "chownr@npm:3.0.0"
  checksum: 10c0/43925b87700f7e3893296c8e9c56cc58f926411cce3a6e5898136daaf08f08b9a8eb76d37d3267e707d0dcc17aed2e2ebdf5848c0c3ce95cf910a919935c1b10
  languageName: node
  linkType: hard

"commondir@npm:^1.0.1":
  version: 1.0.1
  resolution: "commondir@npm:1.0.1"
  checksum: 10c0/33a124960e471c25ee19280c9ce31ccc19574b566dc514fe4f4ca4c34fa8b0b57cf437671f5de380e11353ea9426213fca17687dd2ef03134fea2dbc53809fd6
  languageName: node
  linkType: hard

"debug@npm:4, debug@npm:^4.3.4, debug@npm:^4.4.3":
  version: 4.4.3
  resolution: "debug@npm:4.4.3"
  dependencies:
    ms: "npm:^2.1.3"
  peerDependenciesMeta:
    supports-color:
      optional: true
  checksum: 10c0/d79136ec6c83ecbefd0f6a5593da6a9c91ec4d7ddc4b54c883d6e71ec9accb5f67a1a5e96d00a328196b5b5c86d365e98d8a3a70856aaf16b4e7b1985e67f5a6
  languageName: node
  linkType: hard

"env-paths@npm:^2.2.0":
  version: 2.2.1
  resolution: "env-paths@npm:2.2.1"
  checksum: 10c0/285325677bf00e30845e330eec32894f5105529db97496ee3f598478e50f008c5352a41a30e5e72ec9de8a542b5a570b85699cd63bd2bc646dbcb9f311d83bc4
  languageName: node
  linkType: hard

"events-universal@npm:^1.0.0":
  version: 1.0.1
  resolution: "events-universal@npm:1.0.1"
  dependencies:
    bare-events: "npm:^2.7.0"
  checksum: 10c0/a1d9a5e9f95843650f8ec240dd1221454c110189a9813f32cdf7185759b43f1f964367ac7dca4ebc69150b59043f2d77c7e122b0d03abf7c25477ea5494785a5
  languageName: node
  linkType: hard

"exponential-backoff@npm:^3.1.1":
  version: 3.1.3
  resolution: "exponential-backoff@npm:3.1.3"
  checksum: 10c0/77e3ae682b7b1f4972f563c6dbcd2b0d54ac679e62d5d32f3e5085feba20483cf28bd505543f520e287a56d4d55a28d7874299941faf637e779a1aa5994d1267
  languageName: node
  linkType: hard

"fast-fifo@npm:^1.2.0, fast-fifo@npm:^1.3.2":
  version: 1.3.2
  resolution: "fast-fifo@npm:1.3.2"
  checksum: 10c0/d53f6f786875e8b0529f784b59b4b05d4b5c31c651710496440006a398389a579c8dbcd2081311478b5bf77f4b0b21de69109c5a4eabea9d8e8783d1eb864e4c
  languageName: node
  linkType: hard

"fdir@npm:^6.5.0":
  version: 6.5.0
  resolution: "fdir@npm:6.5.0"
  peerDependencies:
    picomatch: ^3 || ^4
  peerDependenciesMeta:
    picomatch:
      optional: true
  checksum: 10c0/e345083c4306b3aed6cb8ec551e26c36bab5c511e99ea4576a16750ddc8d3240e63826cc624f5ae17ad4dc82e68a253213b60d556c11bfad064b7607847ed07f
  languageName: node
  linkType: hard

"find-cache-dir@npm:^3.3.2":
  version: 3.3.2
  resolution: "find-cache-dir@npm:3.3.2"
  dependencies:
    commondir: "npm:^1.0.1"
    make-dir: "npm:^3.0.2"
    pkg-dir: "npm:^4.1.0"
  checksum: 10c0/92747cda42bff47a0266b06014610981cfbb71f55d60f2c8216bc3108c83d9745507fb0b14ecf6ab71112bed29cd6fb1a137ee7436179ea36e11287e3159e587
  languageName: node
  linkType: hard

"find-up@npm:^4.0.0":
  version: 4.1.0
  resolution: "find-up@npm:4.1.0"
  dependencies:
    locate-path: "npm:^5.0.0"
    path-exists: "npm:^4.0.0"
  checksum: 10c0/0406ee89ebeefa2d507feb07ec366bebd8a6167ae74aa4e34fb4c4abd06cf782a3ce26ae4194d70706f72182841733f00551c209fe575cb00bd92104056e78c1
  languageName: node
  linkType: hard

"flyball-team-tracker-e2e@workspace:.":
  version: 0.0.0-use.local
  resolution: "flyball-team-tracker-e2e@workspace:."
  dependencies:
    "@playwright/test": "npm:^1.56.1"
    mongodb: "npm:^7.6.0"
    mongodb-memory-server: "npm:^11.2.0"
  languageName: unknown
  linkType: soft

"follow-redirects@npm:^1.16.0":
  version: 1.16.0
  resolution: "follow-redirects@npm:1.16.0"
  peerDependenciesMeta:
    debug:
      optional: true
  checksum: 10c0/a1e2900163e6f1b4d1ed5c221b607f41decbab65534c63fe7e287e40a5d552a6496e7d9d7d976fa4ba77b4c51c11e5e9f683f10b43011ea11e442ff128d0e181
  languageName: node
  linkType: hard

"fsevents@npm:2.3.2":
  version: 2.3.2
  resolution: "fsevents@npm:2.3.2"
  dependencies:
    node-gyp: "npm:latest"
  checksum: 10c0/be78a3efa3e181cda3cf7a4637cb527bcebb0bd0ea0440105a3bb45b86f9245b307dc10a2507e8f4498a7d4ec349d1910f4d73e4d4495b16103106e07eee735b
  conditions: os=darwin
  languageName: node
  linkType: hard

"fsevents@patch:fsevents@npm%3A2.3.2#optional!builtin<compat/fsevents>":
  version: 2.3.2
  resolution: "fsevents@patch:fsevents@npm%3A2.3.2#optional!builtin<compat/fsevents>::version=2.3.2&hash=df0bf1"
  dependencies:
    node-gyp: "npm:latest"
  conditions: os=darwin
  languageName: node
  linkType: hard

"graceful-fs@npm:^4.2.6":
  version: 4.2.11
  resolution: "graceful-fs@npm:4.2.11"
  checksum: 10c0/386d011a553e02bc594ac2ca0bd6d9e4c22d7fa8cfbfc448a6d148c59ea881b092db9dbe3547ae4b88e55f1b01f7c4a2ecc53b310c042793e63aa44cf6c257f2
  languageName: node
  linkType: hard

"https-proxy-agent@npm:^7.0.6":
  version: 7.0.6
  resolution: "https-proxy-agent@npm:7.0.6"
  dependencies:
    agent-base: "npm:^7.1.2"
    debug: "npm:4"
  checksum: 10c0/f729219bc735edb621fa30e6e84e60ee5d00802b8247aac0d7b79b0bd6d4b3294737a337b93b86a0bd9e68099d031858a39260c976dc14cdbba238ba1f8779ac
  languageName: node
  linkType: hard

"isexe@npm:^4.0.0":
  version: 4.0.0
  resolution: "isexe@npm:4.0.0"
  checksum: 10c0/5884815115bceac452877659a9c7726382531592f43dc29e5d48b7c4100661aed54018cb90bd36cb2eaeba521092570769167acbb95c18d39afdccbcca06c5ce
  languageName: node
  linkType: hard

"locate-path@npm:^5.0.0":
  version: 5.0.0
  resolution: "locate-path@npm:5.0.0"
  dependencies:
    p-locate: "npm:^4.1.0"
  checksum: 10c0/33a1c5247e87e022f9713e6213a744557a3e9ec32c5d0b5efb10aa3a38177615bf90221a5592674857039c1a0fd2063b82f285702d37b792d973e9e72ace6c59
  languageName: node
  linkType: hard

"make-dir@npm:^3.0.2":
  version: 3.1.0
  resolution: "make-dir@npm:3.1.0"
  dependencies:
    semver: "npm:^6.0.0"
  checksum: 10c0/56aaafefc49c2dfef02c5c95f9b196c4eb6988040cf2c712185c7fe5c99b4091591a7fc4d4eafaaefa70ff763a26f6ab8c3ff60b9e75ea19876f49b18667ecaa
  languageName: node
  linkType: hard

"memory-pager@npm:^1.0.2":
  version: 1.5.0
  resolution: "memory-pager@npm:1.5.0"
  checksum: 10c0/2596e80c99fee24f05bd8a20cde2ee899012c996f4ec361ac76ed6f009f34149d733ac6f76880106ccd6a66d062ad439357578d383d429df66ba1278f68806e9
  languageName: node
  linkType: hard

"minipass@npm:^7.0.4, minipass@npm:^7.1.2":
  version: 7.1.3
  resolution: "minipass@npm:7.1.3"
  checksum: 10c0/539da88daca16533211ea5a9ee98dc62ff5742f531f54640dd34429e621955e91cc280a91a776026264b7f9f6735947629f920944e9c1558369e8bf22eb33fbb
  languageName: node
  linkType: hard

"minizlib@npm:^3.1.0":
  version: 3.1.0
  resolution: "minizlib@npm:3.1.0"
  dependencies:
    minipass: "npm:^7.1.2"
  checksum: 10c0/5aad75ab0090b8266069c9aabe582c021ae53eb33c6c691054a13a45db3b4f91a7fb1bd79151e6b4e9e9a86727b522527c0a06ec7d45206b745d54cd3097bcec
  languageName: node
  linkType: hard

"mongodb-connection-string-url@npm:^7.0.1":
  version: 7.0.2
  resolution: "mongodb-connection-string-url@npm:7.0.2"
  dependencies:
    "@types/whatwg-url": "npm:^13.0.0"
    whatwg-url: "npm:^14.1.0"
  checksum: 10c0/f705457af027d6e05819c863361707acf541499f424793c5c38a5cdefaeb26bb7356e99e82e9145e2e74ca8f28b35f02dadd154a1ecda0528ba1f9927ebe7ae8
  languageName: node
  linkType: hard

"mongodb-memory-server-core@npm:11.2.0":
  version: 11.2.0
  resolution: "mongodb-memory-server-core@npm:11.2.0"
  dependencies:
    async-mutex: "npm:^0.5.0"
    camelcase: "npm:^6.3.0"
    debug: "npm:^4.4.3"
    find-cache-dir: "npm:^3.3.2"
    follow-redirects: "npm:^1.16.0"
    https-proxy-agent: "npm:^7.0.6"
    mongodb: "npm:^7.2.0"
    new-find-package-json: "npm:^2.0.0"
    semver: "npm:^7.7.3"
    tar-stream: "npm:^3.1.8"
    tslib: "npm:^2.8.1"
    yauzl: "npm:^3.3.1"
  checksum: 10c0/ef1a0761678d9f95c793e8a96ef486c91fa8d854bedf5d3b739116180ae799bb890bb11d612f6abd3fda6962e3d0de7bbecca14865e344211219f441d81f98e7
  languageName: node
  linkType: hard

"mongodb-memory-server@npm:^11.2.0":
  version: 11.2.0
  resolution: "mongodb-memory-server@npm:11.2.0"
  dependencies:
    mongodb-memory-server-core: "npm:11.2.0"
    tslib: "npm:^2.8.1"
  checksum: 10c0/14197657e0d93611fcd56cfa909bdb5e26815d10a7d2932ec3a53c465aa889cdba40623863c0de791b89613b396165947ac162fd7083e6005786b54137410698
  languageName: node
  linkType: hard

"mongodb@npm:^7.2.0, mongodb@npm:^7.6.0":
  version: 7.6.0
  resolution: "mongodb@npm:7.6.0"
  dependencies:
    "@mongodb-js/saslprep": "npm:^1.4.11"
    bson: "npm:^7.2.0"
    mongodb-connection-string-url: "npm:^7.0.1"
  peerDependencies:
    "@aws-sdk/credential-providers": ^3.806.0
    "@mongodb-js/zstd": ^7.0.0
    gcp-metadata: ^7.0.1
    kerberos: ^7.0.0
    mongodb-client-encryption: ^7.2.0
    snappy: ^7.3.2
    socks: ^2.8.6
  peerDependenciesMeta:
    "@aws-sdk/credential-providers":
      optional: true
    "@mongodb-js/zstd":
      optional: true
    gcp-metadata:
      optional: true
    kerberos:
      optional: true
    mongodb-client-encryption:
      optional: true
    snappy:
      optional: true
    socks:
      optional: true
  checksum: 10c0/91f45d49aaa17af40b1dbd4f5eff85fd11f12c7df993cadbe51e96c31f40c74596b2d979f7eeebb376889a1397deb9081db10cbb0e8904853c80b1f2fcddf7d0
  languageName: node
  linkType: hard

"ms@npm:^2.1.3":
  version: 2.1.3
  resolution: "ms@npm:2.1.3"
  checksum: 10c0/d924b57e7312b3b63ad21fc5b3dc0af5e78d61a1fc7cfb5457edaf26326bf62be5307cc87ffb6862ef1c2b33b0233cdb5d4f01c4c958cc0d660948b65a287a48
  languageName: node
  linkType: hard

"new-find-package-json@npm:^2.0.0":
  version: 2.0.0
  resolution: "new-find-package-json@npm:2.0.0"
  dependencies:
    debug: "npm:^4.3.4"
  checksum: 10c0/b5265976629894369726c7bb0705493783071a00e202c5d9da1903458823192c25a954e24d387476eae8dfa6c5c3fff61018fd2bb7ea7b66424a27ff11b49606
  languageName: node
  linkType: hard

"node-gyp@npm:latest":
  version: 13.0.2
  resolution: "node-gyp@npm:13.0.2"
  dependencies:
    env-paths: "npm:^2.2.0"
    exponential-backoff: "npm:^3.1.1"
    graceful-fs: "npm:^4.2.6"
    nopt: "npm:^10.0.0"
    proc-log: "npm:^7.0.0"
    semver: "npm:^7.3.5"
    tar: "npm:^7.5.4"
    tinyglobby: "npm:^0.2.12"
    undici: "npm:^8.4.1"
    which: "npm:^7.0.0"
  bin:
    node-gyp: bin/node-gyp.js
  checksum: 10c0/29d33ccf47ffeeb5e7af925550b416f698a26a72eb10975c7eb5775c1d0cecacd76d164a4aa45503d3ddcece209db65c712be00423c69381a4cd14e2e6540559
  languageName: node
  linkType: hard

"nopt@npm:^10.0.0":
  version: 10.0.1
  resolution: "nopt@npm:10.0.1"
  dependencies:
    abbrev: "npm:^5.0.0"
  bin:
    nopt: bin/nopt.js
  checksum: 10c0/980d89257f9587f3e1f77877ddbf905d6aa3b738ec33e49a4fa1a059a0dd82eb28063982b150654a7ae9de386f2ead60e56172db7d37cf56de545f7392a2a26a
  languageName: node
  linkType: hard

"p-limit@npm:^2.2.0":
  version: 2.3.0
  resolution: "p-limit@npm:2.3.0"
  dependencies:
    p-try: "npm:^2.0.0"
  checksum: 10c0/8da01ac53efe6a627080fafc127c873da40c18d87b3f5d5492d465bb85ec7207e153948df6b9cbaeb130be70152f874229b8242ee2be84c0794082510af97f12
  languageName: node
  linkType: hard

"p-locate@npm:^4.1.0":
  version: 4.1.0
  resolution: "p-locate@npm:4.1.0"
  dependencies:
    p-limit: "npm:^2.2.0"
  checksum: 10c0/1b476ad69ad7f6059744f343b26d51ce091508935c1dbb80c4e0a2f397ffce0ca3a1f9f5cd3c7ce19d7929a09719d5c65fe70d8ee289c3f267cd36f2881813e9
  languageName: node
  linkType: hard

"p-try@npm:^2.0.0":
  version: 2.2.0
  resolution: "p-try@npm:2.2.0"
  checksum: 10c0/c36c19907734c904b16994e6535b02c36c2224d433e01a2f1ab777237f4d86e6289fd5fd464850491e940379d4606ed850c03e0f9ab600b0ebddb511312e177f
  languageName: node
  linkType: hard

"path-exists@npm:^4.0.0":
  version: 4.0.0
  resolution: "path-exists@npm:4.0.0"
  checksum: 10c0/8c0bd3f5238188197dc78dced15207a4716c51cc4e3624c44fc97acf69558f5ebb9a2afff486fe1b4ee148e0c133e96c5e11a9aa5c48a3006e3467da070e5e1b
  languageName: node
  linkType: hard

"pend@npm:~1.2.0":
  version: 1.2.0
  resolution: "pend@npm:1.2.0"
  checksum: 10c0/8a87e63f7a4afcfb0f9f77b39bb92374afc723418b9cb716ee4257689224171002e07768eeade4ecd0e86f1fa3d8f022994219fb45634f2dbd78c6803e452458
  languageName: node
  linkType: hard

"picomatch@npm:^4.0.4":
  version: 4.0.7
  resolution: "picomatch@npm:4.0.7"
  checksum: 10c0/beb6ae02c43ae44e84883b90830196d9046b1726ead292adcf7f57945e0bb0d992d68563d87e03b484b6f3c9a5c6defda7523477f047d7f0e663f126cc01787f
  languageName: node
  linkType: hard

"pkg-dir@npm:^4.1.0":
  version: 4.2.0
  resolution: "pkg-dir@npm:4.2.0"
  dependencies:
    find-up: "npm:^4.0.0"
  checksum: 10c0/c56bda7769e04907a88423feb320babaed0711af8c436ce3e56763ab1021ba107c7b0cafb11cde7529f669cfc22bffcaebffb573645cbd63842ea9fb17cd7728
  languageName: node
  linkType: hard

"playwright-core@npm:1.62.1":
  version: 1.62.1
  resolution: "playwright-core@npm:1.62.1"
  bin:
    playwright-core: cli.js
  checksum: 10c0/a37d0f03bb73364cfd0eba704c4b3359b609c4779ae2649a88d8e2b3a29c7357dfcc58bdcf0cb68ddffdef7687abf78902c8356e89f189682c7e19be38e108f0
  languageName: node
  linkType: hard

"playwright@npm:1.62.1":
  version: 1.62.1
  resolution: "playwright@npm:1.62.1"
  dependencies:
    fsevents: "npm:2.3.2"
    playwright-core: "npm:1.62.1"
  dependenciesMeta:
    fsevents:
      optional: true
  bin:
    playwright: cli.js
  checksum: 10c0/4d3522cd46325f50c46f8874d31f70d036f6983228a9f8b9d68fc249e4c17464edcd97cc4adfbb24e712d1829c1386d3bc24e17f58a1ced94e7c423300c21845
  languageName: node
  linkType: hard

"proc-log@npm:^7.0.0":
  version: 7.0.0
  resolution: "proc-log@npm:7.0.0"
  checksum: 10c0/b89c2d862604f35fec795477b0c7e376feab3ba0d4f4d291c4e959567442697cf451ac557d0623c1cc38af45a78128b983410f397a10c5d3a67f76c33de4754b
  languageName: node
  linkType: hard

"punycode@npm:^2.3.1":
  version: 2.3.1
  resolution: "punycode@npm:2.3.1"
  checksum: 10c0/14f76a8206bc3464f794fb2e3d3cc665ae416c01893ad7a02b23766eb07159144ee612ad67af5e84fa4479ccfe67678c4feb126b0485651b302babf66f04f9e9
  languageName: node
  linkType: hard

"semver@npm:^6.0.0":
  version: 6.3.1
  resolution: "semver@npm:6.3.1"
  bin:
    semver: bin/semver.js
  checksum: 10c0/e3d79b609071caa78bcb6ce2ad81c7966a46a7431d9d58b8800cfa9cb6a63699b3899a0e4bcce36167a284578212d9ae6942b6929ba4aa5015c079a67751d42d
  languageName: node
  linkType: hard

"semver@npm:^7.3.5, semver@npm:^7.7.3":
  version: 7.8.5
  resolution: "semver@npm:7.8.5"
  bin:
    semver: bin/semver.js
  checksum: 10c0/b1f3127a5be8125a94f37188b361c212466c292c6910adce3ec106cff5dc211ccaedc4739c11bb70fda59d6fc1f040a9bca289f4e093451521a2372e5231fe0c
  languageName: node
  linkType: hard

"sparse-bitfield@npm:^3.0.3":
  version: 3.0.3
  resolution: "sparse-bitfield@npm:3.0.3"
  dependencies:
    memory-pager: "npm:^1.0.2"
  checksum: 10c0/248c6ff7b5e354735e1daac4059222a29c9d291dfcf265daf675d13515eeaac454cfcccd687c8d134f86698b39abd7ad4d7434f7272dd6f8e41a00f21aae4194
  languageName: node
  linkType: hard

"streamx@npm:^2.12.5, streamx@npm:^2.15.0, streamx@npm:^2.25.0":
  version: 2.28.1
  resolution: "streamx@npm:2.28.1"
  dependencies:
    events-universal: "npm:^1.0.0"
    fast-fifo: "npm:^1.3.2"
    text-decoder: "npm:^1.1.0"
  checksum: 10c0/90871d76712ad9e00f555ffcb0d33bcbf6823cc2237e8868dcb30666ec76ae34157049042e3cd3251698278ebedf153291026eec7c87ad05c746178a35405f64
  languageName: node
  linkType: hard

"tar-stream@npm:^3.1.8":
  version: 3.2.1
  resolution: "tar-stream@npm:3.2.1"
  dependencies:
    b4a: "npm:^1.6.4"
    bare-fs: "npm:^4.5.5"
    fast-fifo: "npm:^1.2.0"
    streamx: "npm:^2.15.0"
  checksum: 10c0/0fef57b5e8bf15698f9b4bde4125ab690422cd98ff59cddd76addfb23a6999ad32bddbeeea0858e2756f8a0f36ef4e636a51efe5e8ef4c0a3dac4c2df5714858
  languageName: node
  linkType: hard

"tar@npm:^7.5.4":
  version: 7.5.22
  resolution: "tar@npm:7.5.22"
  dependencies:
    "@isaacs/fs-minipass": "npm:^4.0.0"
    chownr: "npm:^3.0.0"
    minipass: "npm:^7.1.2"
    minizlib: "npm:^3.1.0"
    yallist: "npm:^5.0.0"
  checksum: 10c0/1311f6be85a8157ac4c9147bae43e13923d2a1aae15e4aa1bd5239e4e03d2cf53cfe103dde7f35832fbb4c938b042856bc8e9a0afd29abd05e2d1608788c4fea
  languageName: node
  linkType: hard

"teex@npm:^1.0.1":
  version: 1.0.1
  resolution: "teex@npm:1.0.1"
  dependencies:
    streamx: "npm:^2.12.5"
  checksum: 10c0/8df9166c037ba694b49d32a49858e314c60e513d55ac5e084dbf1ddbb827c5fa43cc389a81e87684419c21283308e9d68bb068798189c767ec4c252f890b8a77
  languageName: node
  linkType: hard

"text-decoder@npm:^1.1.0":
  version: 1.2.7
  resolution: "text-decoder@npm:1.2.7"
  dependencies:
    b4a: "npm:^1.6.4"
  checksum: 10c0/929938ed154fbadb660a7f3d1aca30b7e53649a731af7583168fcfba0c158046325d35d945926e2a512bb62d1a49a7818151c987ea38b48853f01e1615722fc5
  languageName: node
  linkType: hard

"tinyglobby@npm:^0.2.12":
  version: 0.2.17
  resolution: "tinyglobby@npm:0.2.17"
  dependencies:
    fdir: "npm:^6.5.0"
    picomatch: "npm:^4.0.4"
  checksum: 10c0/7f7bb0f197c88bc4b20c231e0deca4240ca3bf313a88f5a7fee93a872b84966a4d50220947c0455ad07a60b3b360961c5b7fd979222aeb716a9f99b412002e4c
  languageName: node
  linkType: hard

"tr46@npm:^5.1.0":
  version: 5.1.1
  resolution: "tr46@npm:5.1.1"
  dependencies:
    punycode: "npm:^2.3.1"
  checksum: 10c0/ae270e194d52ec67ebd695c1a42876e0f19b96e4aca2ab464ab1d9d17dc3acd3e18764f5034c93897db73421563be27c70c98359c4501136a497e46deda5d5ec
  languageName: node
  linkType: hard

"tslib@npm:^2.4.0, tslib@npm:^2.8.1":
  version: 2.8.1
  resolution: "tslib@npm:2.8.1"
  checksum: 10c0/9c4759110a19c53f992d9aae23aac5ced636e99887b51b9e61def52611732872ff7668757d4e4c61f19691e36f4da981cd9485e869b4a7408d689f6bf1f14e62
  languageName: node
  linkType: hard

"undici@npm:^8.4.1":
  version: 8.10.0
  resolution: "undici@npm:8.10.0"
  checksum: 10c0/37ae2b1db8f65c3a003504e2040e96887b99f9db16ba07dcf49c37ed8b7f8c72f4452f2d46f52f7c9e49518fe8325e3b5e7e02ac3a2424886bd67d4b62a0ecab
  languageName: node
  linkType: hard

"webidl-conversions@npm:^7.0.0":
  version: 7.0.0
  resolution: "webidl-conversions@npm:7.0.0"
  checksum: 10c0/228d8cb6d270c23b0720cb2d95c579202db3aaf8f633b4e9dd94ec2000a04e7e6e43b76a94509cdb30479bd00ae253ab2371a2da9f81446cc313f89a4213a2c4
  languageName: node
  linkType: hard

"whatwg-url@npm:^14.1.0":
  version: 14.2.0
  resolution: "whatwg-url@npm:14.2.0"
  dependencies:
    tr46: "npm:^5.1.0"
    webidl-conversions: "npm:^7.0.0"
  checksum: 10c0/f746fc2f4c906607d09537de1227b13f9494c171141e5427ed7d2c0dd0b6a48b43d8e71abaae57d368d0c06b673fd8ec63550b32ad5ed64990c7b0266c2b4272
  languageName: node
  linkType: hard

"which@npm:^7.0.0":
  version: 7.0.0
  resolution: "which@npm:7.0.0"
  dependencies:
    isexe: "npm:^4.0.0"
  bin:
    node-which: bin/which.js
  checksum: 10c0/ca0b54f198f78bbc4b7c02e34bda8d335cb352e0adb4cbca1c37b1a957af3a879a82c4c27ca6525bc942f548d8b64f816ef6528360af9f3de55ffb9b979b620d
  languageName: node
  linkType: hard

"yallist@npm:^5.0.0":
  version: 5.0.0
  resolution: "yallist@npm:5.0.0"
  checksum: 10c0/a499c81ce6d4a1d260d4ea0f6d49ab4da09681e32c3f0472dee16667ed69d01dae63a3b81745a24bd78476ec4fcf856114cb4896ace738e01da34b2c42235416
  languageName: node
  linkType: hard

"yauzl@npm:^3.3.1":
  version: 3.4.0
  resolution: "yauzl@npm:3.4.0"
  dependencies:
    pend: "npm:~1.2.0"
  checksum: 10c0/17a98c42c0065e8af429eb8a61f7a0e4562181ed54080366b838f34f741b6829f167f804787c86b7646bb042707f35871739f053de0548285e405a2eae4da025
  languageName: node
  linkType: hard
